
Microsoft Visual Studio Solution File, Format Version 12.00
# Visual Studio 15
VisualStudioVersion = 15.0.28307.421
MinimumVisualStudioVersion = 10.0.40219.1
Project("{FAE04EC0-301F-11D3-BF4B-00C04F79EFBC}") = "Test1ConnectedAdo", "Test1ConnectedAdo\Test1ConnectedAdo.csproj", "{D0037E77-EAF8-4A03-894B-34E0505FD68F}"
EndProject
Project("{FAE04EC0-301F-11D3-BF4B-00C04F79EFBC}") = "dataaccess", "dataaccess\dataaccess.csproj", "{C1416344-42D8-4024-8F23-D56501828DEB}"
EndProject
Project("{FAE04EC0-301F-11D3-BF4B-00C04F79EFBC}") = "businessaccess", "businessaccess\businessaccess.csproj", "{6FE34968-F46E-4480-A75B-B547155B381C}"
EndProject
Project("{FAE04EC0-301F-11D3-BF4B-00C04F79EFBC}") = "BusinessEnitiy", "BusinessEnitiy\BusinessEnitiy.csproj", "{9422A37C-99EB-4DF6-B8E2-C48B8A410CAF}"
EndProject
Global
	GlobalSection(SolutionConfigurationPlatforms) = preSolution
		Debug|Any CPU = Debug|Any CPU
		Release|Any CPU = Release|Any CPU
	EndGlobalSection
	GlobalSection(ProjectConfigurationPlatforms) = postSolution
		{D0037E77-EAF8-4A03-894B-34E0505FD68F}.Debug|Any CPU.ActiveCfg = Debug|Any CPU
		{D0037E77-EAF8-4A03-894B-34E0505FD68F}.Debug|Any CPU.Build.0 = Debug|Any CPU
		{D0037E77-EAF8-4A03-894B-34E0505FD68F}.Release|Any CPU.ActiveCfg = Release|Any CPU
		{D0037E77-EAF8-4A03-894B-34E0505FD68F}.Release|Any CPU.Build.0 = Release|Any CPU
		{C1416344-42D8-4024-8F23-D56501828DEB}.Debug|Any CPU.ActiveCfg = Debug|Any CPU
		{C1416344-42D8-4024-8F23-D56501828DEB}.Debug|Any CPU.Build.0 = Debug|Any CPU
		{C1416344-42D8-4024-8F23-D56501828DEB}.Release|Any CPU.ActiveCfg = Release|Any CPU
		{C1416344-42D8-4024-8F23-D56501828DEB}.Release|Any CPU.Build.0 = Release|Any CPU
		{6FE34968-F46E-4480-A75B-B547155B381C}.Debug|Any CPU.ActiveCfg = Debug|Any CPU
		{6FE34968-F46E-4480-A75B-B547155B381C}.Debug|Any CPU.Build.0 = Debug|Any CPU
		{6FE34968-F46E-4480-A75B-B547155B381C}.Release|Any CPU.ActiveCfg = Release|Any CPU
		{6FE34968-F46E-4480-A75B-B547155B381C}.Release|Any CPU.Build.0 = Release|Any CPU
		{9422A37C-99EB-4DF6-B8E2-C48B8A410CAF}.Debug|Any CPU.ActiveCfg = Debug|Any CPU
		{9422A37C-99EB-4DF6-B8E2-C48B8A410CAF}.Debug|Any CPU.Build.0 = Debug|Any CPU
		{9422A37C-99EB-4DF6-B8E2-C48B8A410CAF}.Release|Any CPU.ActiveCfg = Release|Any CPU
		{9422A37C-99EB-4DF6-B8E2-C48B8A410CAF}.Release|Any CPU.Build.0 = Release|Any CPU
	EndGlobalSection
	GlobalSection(SolutionProperties) = preSolution
		HideSolutionNode = FALSE
	EndGlobalSection
	GlobalSection(ExtensibilityGlobals) = postSolution
		SolutionGuid = {7AC18E50-C5EE-4BF3-98FD-97CA9149A3C0}
	EndGlobalSection
EndGlobal
